
Microsoft Visual Studio Solution File, Format Version 12.00
# Visual Studio Version 16
VisualStudioVersion = 16.0.31515.178
MinimumVisualStudioVersion = 10.0.40219.1
Project("{FAE04EC0-301F-11D3-BF4B-00C04F79EFBC}") = "ProcessingDataHomework", "ProcessingDataHomework\ProcessingDataHomework.csproj", "{A8AA6A56-FD74-41EE-B73A-1F975663BF1C}"
EndProject
Global
	GlobalSection(SolutionConfigurationPlatforms) = preSolution
		Debug|Any CPU = Debug|Any CPU
		Release|Any CPU = Release|Any CPU
	EndGlobalSection
	GlobalSection(ProjectConfigurationPlatforms) = postSolution
		{A8AA6A56-FD74-41EE-B73A-1F975663BF1C}.Debug|Any CPU.ActiveCfg = Debug|Any CPU
		{A8AA6A56-FD74-41EE-B73A-1F975663BF1C}.Debug|Any CPU.Build.0 = Debug|Any CPU
		{A8AA6A56-FD74-41EE-B73A-1F975663BF1C}.Release|Any CPU.ActiveCfg = Release|Any CPU
		{A8AA6A56-FD74-41EE-B73A-1F975663BF1C}.Release|Any CPU.Build.0 = Release|Any CPU
	EndGlobalSection
	GlobalSection(SolutionProperties) = preSolution
		HideSolutionNode = FALSE
	EndGlobalSection
	GlobalSection(ExtensibilityGlobals) = postSolution
		SolutionGuid = {BE14E72E-0776-4DFF-A690-600828643A57}
	EndGlobalSection
EndGlobal
